// !$*UTF8*$!
{
	archiveVersion = 1;
	classes = {
	};
	objectVersion = 50;
	objects = {

/* Begin PBXBuildFile section */
		0A352EF2214458510063FCED /* AppDelegate.swift in Sources */ = {isa = PBXBuildFile; fileRef = 0A352EF1214458510063FCED /* AppDelegate.swift */; };
		0A352EF4214458510063FCED /* HomeVC.swift in Sources */ = {isa = PBXBuildFile; fileRef = 0A352EF3214458510063FCED /* HomeVC.swift */; };
		0A352EF7214458510063FCED /* Main.storyboard in Resources */ = {isa = PBXBuildFile; fileRef = 0A352EF5214458510063FCED /* Main.storyboard */; };
		0A352EF9214458520063FCED /* Assets.xcassets in Resources */ = {isa = PBXBuildFile; fileRef = 0A352EF8214458520063FCED /* Assets.xcassets */; };
		0A352EFC214458520063FCED /* LaunchScreen.storyboard in Resources */ = {isa = PBXBuildFile; fileRef = 0A352EFA214458520063FCED /* LaunchScreen.storyboard */; };
		0A352F0721445CA20063FCED /* FoodCategory.swift in Sources */ = {isa = PBXBuildFile; fileRef = 0A352F0621445CA20063FCED /* FoodCategory.swift */; };
		0A352F0921445D380063FCED /* Recipe.swift in Sources */ = {isa = PBXBuildFile; fileRef = 0A352F0821445D380063FCED /* Recipe.swift */; };
		0A352F0B21445DBF0063FCED /* DataSet.swift in Sources */ = {isa = PBXBuildFile; fileRef = 0A352F0A21445DBF0063FCED /* DataSet.swift */; };
		0A352F0D214465DA0063FCED /* CategoryCell.swift in Sources */ = {isa = PBXBuildFile; fileRef = 0A352F0C214465DA0063FCED /* CategoryCell.swift */; };
		0A352F0F214469540063FCED /* RecipesSelectionVC.swift in Sources */ = {isa = PBXBuildFile; fileRef = 0A352F0E214469540063FCED /* RecipesSelectionVC.swift */; };
		0A352F11214479A10063FCED /* RecipeCell.swift in Sources */ = {isa = PBXBuildFile; fileRef = 0A352F10214479A10063FCED /* RecipeCell.swift */; };
		0A352F1321447EFE0063FCED /* RecipeDetailVC.swift in Sources */ = {isa = PBXBuildFile; fileRef = 0A352F1221447EFE0063FCED /* RecipeDetailVC.swift */; };
/* End PBXBuildFile section */

/* Begin PBXFileReference section */
		0A352EEE214458510063FCED /* GoodEatins.app */ = {isa = PBXFileReference; explicitFileType = wrapper.application; includeInIndex = 0; path = GoodEatins.app; sourceTree = BUILT_PRODUCTS_DIR; };
		0A352EF1214458510063FCED /* AppDelegate.swift */ = {isa = PBXFileReference; lastKnownFileType = sourcecode.swift; path = AppDelegate.swift; sourceTree = "<group>"; };
		0A352EF3214458510063FCED /* HomeVC.swift */ = {isa = PBXFileReference; lastKnownFileType = sourcecode.swift; path = HomeVC.swift; sourceTree = "<group>"; };
		0A352EF6214458510063FCED /* Base */ = {isa = PBXFileReference; lastKnownFileType = file.storyboard; name = Base; path = Base.lproj/Main.storyboard; sourceTree = "<group>"; };
		0A352EF8214458520063FCED /* Assets.xcassets */ = {isa = PBXFileReference; lastKnownFileType = folder.assetcatalog; path = Assets.xcassets; sourceTree = "<group>"; };
		0A352EFB214458520063FCED /* Base */ = {isa = PBXFileReference; lastKnownFileType = file.storyboard; name = Base; path = Base.lproj/LaunchScreen.storyboard; sourceTree = "<group>"; };
		0A352EFD214458520063FCED /* Info.plist */ = {isa = PBXFileReference; lastKnownFileType = text.plist.xml; path = Info.plist; sourceTree = "<group>"; };
		0A352F0621445CA20063FCED /* FoodCategory.swift */ = {isa = PBXFileReference; lastKnownFileType = sourcecode.swift; path = FoodCategory.swift; sourceTree = "<group>"; };
		0A352F0821445D380063FCED /* Recipe.swift */ = {isa = PBXFileReference; lastKnownFileType = sourcecode.swift; path = Recipe.swift; sourceTree = "<group>"; };
		0A352F0A21445DBF0063FCED /* DataSet.swift */ = {isa = PBXFileReference; lastKnownFileType = sourcecode.swift; path = DataSet.swift; sourceTree = "<group>"; };
		0A352F0C214465DA0063FCED /* CategoryCell.swift */ = {isa = PBXFileReference; lastKnownFileType = sourcecode.swift; path = CategoryCell.swift; sourceTree = "<group>"; };
		0A352F0E214469540063FCED /* RecipesSelectionVC.swift */ = {isa = PBXFileReference; lastKnownFileType = sourcecode.swift; path = RecipesSelectionVC.swift; sourceTree = "<group>"; };
		0A352F10214479A10063FCED /* RecipeCell.swift */ = {isa = PBXFileReference; lastKnownFileType = sourcecode.swift; path = RecipeCell.swift; sourceTree = "<group>"; };
		0A352F1221447EFE0063FCED /* RecipeDetailVC.swift */ = {isa = PBXFileReference; lastKnownFileType = sourcecode.swift; path = RecipeDetailVC.swift; sourceTree = "<group>"; };
/* End PBXFileReference section */

/* Begin PBXFrameworksBuildPhase section */
		0A352EEB214458510063FCED /* Frameworks */ = {
			isa = PBXFrameworksBuildPhase;
			buildActionMask = 2147483647;
			files = (
			);
			runOnlyForDeploymentPostprocessing = 0;
		};
/* End PBXFrameworksBuildPhase section */

/* Begin PBXGroup section */
		0A352EE5214458510063FCED = {
			isa = PBXGroup;
			children = (
				0A352EF0214458510063FCED /* GoodEatins */,
				0A352EEF214458510063FCED /* Products */,
			);
			sourceTree = "<group>";
		};
		0A352EEF214458510063FCED /* Products */ = {
			isa = PBXGroup;
			children = (
				0A352EEE214458510063FCED /* GoodEatins.app */,
			);
			name = Products;
			sourceTree = "<group>";
		};
		0A352EF0214458510063FCED /* GoodEatins */ = {
			isa = PBXGroup;
			children = (
				0A352F0521445C6B0063FCED /* Model */,
				0A352F0421445C660063FCED /* View */,
				0A352F0321445C5B0063FCED /* Controller */,
				0A352EF1214458510063FCED /* AppDelegate.swift */,
				0A352EF5214458510063FCED /* Main.storyboard */,
				0A352EF8214458520063FCED /* Assets.xcassets */,
				0A352EFA214458520063FCED /* LaunchScreen.storyboard */,
				0A352EFD214458520063FCED /* Info.plist */,
			);
			path = GoodEatins;
			sourceTree = "<group>";
		};
		0A352F0321445C5B0063FCED /* Controller */ = {
			isa = PBXGroup;
			children = (
				0A352EF3214458510063FCED /* HomeVC.swift */,
				0A352F0E214469540063FCED /* RecipesSelectionVC.swift */,
				0A352F1221447EFE0063FCED /* RecipeDetailVC.swift */,
			);
			path = Controller;
			sourceTree = "<group>";
		};
		0A352F0421445C660063FCED /* View */ = {
			isa = PBXGroup;
			children = (
				0A352F0C214465DA0063FCED /* CategoryCell.swift */,
				0A352F10214479A10063FCED /* RecipeCell.swift */,
			);
			path = View;
			sourceTree = "<group>";
		};
		0A352F0521445C6B0063FCED /* Model */ = {
			isa = PBXGroup;
			children = (
				0A352F0821445D380063FCED /* Recipe.swift */,
				0A352F0621445CA20063FCED /* FoodCategory.swift */,
				0A352F0A21445DBF0063FCED /* DataSet.swift */,
			);
			path = Model;
			sourceTree = "<group>";
		};
/* End PBXGroup section */

/* Begin PBXNativeTarget section */
		0A352EED214458510063FCED /* GoodEatins */ = {
			isa = PBXNativeTarget;
			buildConfigurationList = 0A352F00214458520063FCED /* Build configuration list for PBXNativeTarget "GoodEatins" */;
			buildPhases = (
				0A352EEA214458510063FCED /* Sources */,
				0A352EEB214458510063FCED /* Frameworks */,
				0A352EEC214458510063FCED /* Resources */,
			);
			buildRules = (
			);
			dependencies = (
			);
			name = GoodEatins;
			productName = GoodEatins;
			productReference = 0A352EEE214458510063FCED /* GoodEatins.app */;
			productType = "com.apple.product-type.application";
		};
/* End PBXNativeTarget section */

/* Begin PBXProject section */
		0A352EE6214458510063FCED /* Project object */ = {
			isa = PBXProject;
			attributes = {
				LastSwiftUpdateCheck = 1000;
				LastUpgradeCheck = 1000;
				ORGANIZATIONNAME = "Alaina Rogacki";
				TargetAttributes = {
					0A352EED214458510063FCED = {
						CreatedOnToolsVersion = 10.0;
					};
				};
			};
			buildConfigurationList = 0A352EE9214458510063FCED /* Build configuration list for PBXProject "GoodEatins" */;
			compatibilityVersion = "Xcode 9.3";
			developmentRegion = en;
			hasScannedForEncodings = 0;
			knownRegions = (
				en,
				Base,
			);
			mainGroup = 0A352EE5214458510063FCED;
			productRefGroup = 0A352EEF214458510063FCED /* Products */;
			projectDirPath = "";
			projectRoot = "";
			targets = (
				0A352EED214458510063FCED /* GoodEatins */,
			);
		};
/* End PBXProject section */

/* Begin PBXResourcesBuildPhase section */
		0A352EEC214458510063FCED /* Resources */ = {
			isa = PBXResourcesBuildPhase;
			buildActionMask = 2147483647;
			files = (
				0A352EFC214458520063FCED /* LaunchScreen.storyboard in Resources */,
				0A352EF9214458520063FCED /* Assets.xcassets in Resources */,
				0A352EF7214458510063FCED /* Main.storyboard in Resources */,
			);
			runOnlyForDeploymentPostprocessing = 0;
		};
/* End PBXResourcesBuildPhase section */

/* Begin PBXSourcesBuildPhase section */
		0A352EEA214458510063FCED /* Sources */ = {
			isa = PBXSourcesBuildPhase;
			buildActionMask = 2147483647;
			files = (
				0A352F1321447EFE0063FCED /* RecipeDetailVC.swift in Sources */,
				0A352EF4214458510063FCED /* HomeVC.swift in Sources */,
				0A352F0B21445DBF0063FCED /* DataSet.swift in Sources */,
				0A352F0721445CA20063FCED /* FoodCategory.swift in Sources */,
				0A352F11214479A10063FCED /* RecipeCell.swift in Sources */,
				0A352EF2214458510063FCED /* AppDelegate.swift in Sources */,
				0A352F0F214469540063FCED /* RecipesSelectionVC.swift in Sources */,
				0A352F0921445D380063FCED /* Recipe.swift in Sources */,
				0A352F0D214465DA0063FCED /* CategoryCell.swift in Sources */,
			);
			runOnlyForDeploymentPostprocessing = 0;
		};
/* End PBXSourcesBuildPhase section */

/* Begin PBXVariantGroup section */
		0A352EF5214458510063FCED /* Main.storyboard */ = {
			isa = PBXVariantGroup;
			children = (
				0A352EF6214458510063FCED /* Base */,
			);
			name = Main.storyboard;
			sourceTree = "<group>";
		};
		0A352EFA214458520063FCED /* LaunchScreen.storyboard */ = {
			isa = PBXVariantGroup;
			children = (
				0A352EFB214458520063FCED /* Base */,
			);
			name = LaunchScreen.storyboard;
			sourceTree = "<group>";
		};
/* End PBXVariantGroup section */

/* Begin XCBuildConfiguration section */
		0A352EFE214458520063FCED /* Debug */ = {
			isa = XCBuildConfiguration;
			buildSettings = {
				ALWAYS_SEARCH_USER_PATHS = NO;
				CLANG_ANALYZER_NONNULL = YES;
				CLANG_ANALYZER_NUMBER_OBJECT_CONVERSION = YES_AGGRESSIVE;
				CLANG_CXX_LANGUAGE_STANDARD = "gnu++14";
				CLANG_CXX_LIBRARY = "libc++";
				CLANG_ENABLE_MODULES = YES;
				CLANG_ENABLE_OBJC_ARC = YES;
				CLANG_ENABLE_OBJC_WEAK = YES;
				CLANG_WARN_BLOCK_CAPTURE_AUTORELEASING = YES;
				CLANG_WARN_BOOL_CONVERSION = YES;
				CLANG_WARN_COMMA = YES;
				CLANG_WARN_CONSTANT_CONVERSION = YES;
				CLANG_WARN_DEPRECATED_OBJC_IMPLEMENTATIONS = YES;
				CLANG_WARN_DIRECT_OBJC_ISA_USAGE = YES_ERROR;
				CLANG_WARN_DOCUMENTATION_COMMENTS = YES;
				CLANG_WARN_EMPTY_BODY = YES;
				CLANG_WARN_ENUM_CONVERSION = YES;
				CLANG_WARN_INFINITE_RECURSION = YES;
				CLANG_WARN_INT_CONVERSION = YES;
				CLANG_WARN_NON_LITERAL_NULL_CONVERSION = YES;
				CLANG_WARN_OBJC_IMPLICIT_RETAIN_SELF = YES;
				CLANG_WARN_OBJC_LITERAL_CONVERSION = YES;
				CLANG_WARN_OBJC_ROOT_CLASS = YES_ERROR;
				CLANG_WARN_RANGE_LOOP_ANALYSIS = YES;
				CLANG_WARN_STRICT_PROTOTYPES = YES;
				CLANG_WARN_SUSPICIOUS_MOVE = YES;
				CLANG_WARN_UNGUARDED_AVAILABILITY = YES_AGGRESSIVE;
				CLANG_WARN_UNREACHABLE_CODE = YES;
				CLANG_WARN__DUPLICATE_METHOD_MATCH = YES;
				CODE_SIGN_IDENTITY = "iPhone Developer";
				COPY_PHASE_STRIP = NO;
				DEBUG_INFORMATION_FORMAT = dwarf;
				ENABLE_STRICT_OBJC_MSGSEND = YES;
				ENABLE_TESTABILITY = YES;
				GCC_C_LANGUAGE_STANDARD = gnu11;
				GCC_DYNAMIC_NO_PIC = NO;
				GCC_NO_COMMON_BLOCKS = YES;
				GCC_OPTIMIZATION_LEVEL = 0;
				GCC_PREPROCESSOR_DEFINITIONS = (
					"DEBUG=1",
					"$(inherited)",
				);
				GCC_WARN_64_TO_32_BIT_CONVERSION = YES;
				GCC_WARN_ABOUT_RETURN_TYPE = YES_ERROR;
				GCC_WARN_UNDECLARED_SELECTOR = YES;
				GCC_WARN_UNINITIALIZED_AUTOS = YES_AGGRESSIVE;
				GCC_WARN_UNUSED_FUNCTION = YES;
				GCC_WARN_UNUSED_VARIABLE = YES;
				IPHONEOS_DEPLOYMENT_TARGET = 12.0;
				MTL_ENABLE_DEBUG_INFO = INCLUDE_SOURCE;
				MTL_FAST_MATH = YES;
				ONLY_ACTIVE_ARCH = YES;
				SDKROOT = iphoneos;
				SWIFT_ACTIVE_COMPILATION_CONDITIONS = DEBUG;
				SWIFT_OPTIMIZATION_LEVEL = "-Onone";
			};
			name = Debug;
		};
		0A352EFF214458520063FCED /* Release */ = {
			isa = XCBuildConfiguration;
			buildSettings = {
				ALWAYS_SEARCH_USER_PATHS = NO;
				CLANG_ANALYZER_NONNULL = YES;
				CLANG_ANALYZER_NUMBER_OBJECT_CONVERSION = YES_AGGRESSIVE;
				CLANG_CXX_LANGUAGE_STANDARD = "gnu++14";
				CLANG_CXX_LIBRARY = "libc++";
				CLANG_ENABLE_MODULES = YES;
				CLANG_ENABLE_OBJC_ARC = YES;
				CLANG_ENABLE_OBJC_WEAK = YES;
				CLANG_WARN_BLOCK_CAPTURE_AUTORELEASING = YES;
				CLANG_WARN_BOOL_CONVERSION = YES;
				CLANG_WARN_COMMA = YES;
				CLANG_WARN_CONSTANT_CONVERSION = YES;
				CLANG_WARN_DEPRECATED_OBJC_IMPLEMENTATIONS = YES;
				CLANG_WARN_DIRECT_OBJC_ISA_USAGE = YES_ERROR;
				CLANG_WARN_DOCUMENTATION_COMMENTS = YES;
				CLANG_WARN_EMPTY_BODY = YES;
				CLANG_WARN_ENUM_CONVERSION = YES;
				CLANG_WARN_INFINITE_RECURSION = YES;
				CLANG_WARN_INT_CONVERSION = YES;
				CLANG_WARN_NON_LITERAL_NULL_CONVERSION = YES;
				CLANG_WARN_OBJC_IMPLICIT_RETAIN_SELF = YES;
				CLANG_WARN_OBJC_LITERAL_CONVERSION = YES;
				CLANG_WARN_OBJC_ROOT_CLASS = YES_ERROR;
				CLANG_WARN_RANGE_LOOP_ANALYSIS = YES;
				CLANG_WARN_STRICT_PROTOTYPES = YES;
				CLANG_WARN_SUSPICIOUS_MOVE = YES;
				CLANG_WARN_UNGUARDED_AVAILABILITY = YES_AGGRESSIVE;
				CLANG_WARN_UNREACHABLE_CODE = YES;
				CLANG_WARN__DUPLICATE_METHOD_MATCH = YES;
				CODE_SIGN_IDENTITY = "iPhone Developer";
				COPY_PHASE_STRIP = NO;
				DEBUG_INFORMATION_FORMAT = "dwarf-with-dsym";
				ENABLE_NS_ASSERTIONS = NO;
				ENABLE_STRICT_OBJC_MSGSEND = YES;
				GCC_C_LANGUAGE_STANDARD = gnu11;
				GCC_NO_COMMON_BLOCKS = YES;
				GCC_WARN_64_TO_32_BIT_CONVERSION = YES;
				GCC_WARN_ABOUT_RETURN_TYPE = YES_ERROR;
				GCC_WARN_UNDECLARED_SELECTOR = YES;
				GCC_WARN_UNINITIALIZED_AUTOS = YES_AGGRESSIVE;
				GCC_WARN_UNUSED_FUNCTION = YES;
				GCC_WARN_UNUSED_VARIABLE = YES;
				IPHONEOS_DEPLOYMENT_TARGET = 12.0;
				MTL_ENABLE_DEBUG_INFO = NO;
				MTL_FAST_MATH = YES;
				SDKROOT = iphoneos;
				SWIFT_COMPILATION_MODE = wholemodule;
				SWIFT_OPTIMIZATION_LEVEL = "-O";
				VALIDATE_PRODUCT = YES;
			};
			name = Release;
		};
		0A352F01214458520063FCED /* Debug */ = {
			isa = XCBuildConfiguration;
			buildSettings = {
				ASSETCATALOG_COMPILER_APPICON_NAME = AppIcon;
				CODE_SIGN_STYLE = Automatic;
				DEVELOPMENT_TEAM = 2FH7MM7GS5;
				INFOPLIST_FILE = GoodEatins/Info.plist;
				LD_RUNPATH_SEARCH_PATHS = (
					"$(inherited)",
					"@executable_path/Frameworks",
				);
				PRODUCT_BUNDLE_IDENTIFIER = com.alainarogacki.GoodEatins;
				PRODUCT_NAME = "$(TARGET_NAME)";
				SWIFT_VERSION = 4.2;
				TARGETED_DEVICE_FAMILY = "1,2";
			};
			name = Debug;
		};
		0A352F02214458520063FCED /* Release */ = {
			isa = XCBuildConfiguration;
			buildSettings = {
				ASSETCATALOG_COMPILER_APPICON_NAME = AppIcon;
				CODE_SIGN_STYLE = Automatic;
				DEVELOPMENT_TEAM = 2FH7MM7GS5;
				INFOPLIST_FILE = GoodEatins/Info.plist;
				LD_RUNPATH_SEARCH_PATHS = (
					"$(inherited)",
					"@executable_path/Frameworks",
				);
				PRODUCT_BUNDLE_IDENTIFIER = com.alainarogacki.GoodEatins;
				PRODUCT_NAME = "$(TARGET_NAME)";
				SWIFT_VERSION = 4.2;
				TARGETED_DEVICE_FAMILY = "1,2";
			};
			name = Release;
		};
/* End XCBuildConfiguration section */

/* Begin XCConfigurationList section */
		0A352EE9214458510063FCED /* Build configuration list for PBXProject "GoodEatins" */ = {
			isa = XCConfigurationList;
			buildConfigurations = (
				0A352EFE214458520063FCED /* Debug */,
				0A352EFF214458520063FCED /* Release */,
			);
			defaultConfigurationIsVisible = 0;
			defaultConfigurationName = Release;
		};
		0A352F00214458520063FCED /* Build configuration list for PBXNativeTarget "GoodEatins" */ = {
			isa = XCConfigurationList;
			buildConfigurations = (
				0A352F01214458520063FCED /* Debug */,
				0A352F02214458520063FCED /* Release */,
			);
			defaultConfigurationIsVisible = 0;
			defaultConfigurationName = Release;
		};
/* End XCConfigurationList section */
	};
	rootObject = 0A352EE6214458510063FCED /* Project object */;
}
